<?xml version="1.0" encoding="utf-8"?>
<Project ToolsVersion="4.0" xmlns="http://schemas.microsoft.com/developer/msbuild/2003">
  <ItemGroup>
    <CudaCompile Include="Source\cuda.cu">
      <Filter>Source</Filter>
    </CudaCompile>
    <CudaCompile Include="Source\raymarching.cu">
      <Filter>Source</Filter>
    </CudaCompile>
  </ItemGroup>
  <ItemGroup>
    <ClCompile Include="Source\fileIO.cpp">
      <Filter>Source</Filter>
    </ClCompile>
    <ClCompile Include="Source\main.cpp">
      <Filter>Source</Filter>
    </ClCompile>
  </ItemGroup>
  <ItemGroup>
    <ClInclude Include="Include\defines.h">
      <Filter>Include</Filter>
    </ClInclude>
    <ClInclude Include="Include\rays.h">
      <Filter>Include</Filter>
    </ClInclude>
  </ItemGroup>
  <ItemGroup>
    <Filter Include="Source">
      <UniqueIdentifier>{5384fb51-29dd-49f0-9f7a-d1826327d7a6}</UniqueIdentifier>
    </Filter>
    <Filter Include="Git">
      <UniqueIdentifier>{d23f3605-01be-4bf1-8d3d-8ec2b85edc64}</UniqueIdentifier>
    </Filter>
    <Filter Include="NVidia">
      <UniqueIdentifier>{2f9876c0-ff87-4aac-9432-fb9a8e7f1494}</UniqueIdentifier>
    </Filter>
    <Filter Include="Include">
      <UniqueIdentifier>{ee93ca06-c1cd-483f-98fb-a25c1240e1de}</UniqueIdentifier>
    </Filter>
  </ItemGroup>
  <ItemGroup>
    <None Include="README.md">
      <Filter>Git</Filter>
    </None>
    <None Include=".gitignore">
      <Filter>Git</Filter>
    </None>
    <None Include="Activity.nvact">
      <Filter>NVidia</Filter>
    </None>
  </ItemGroup>
</Project>