<?xml version="1.0" encoding="utf-8"?>
<Project ToolsVersion="4.0" xmlns="http://schemas.microsoft.com/developer/msbuild/2003">
  <ItemGroup>
    <CudaCompile Include="cuda.cu" />
    <CudaCompile Include="raymarching.cu" />
  </ItemGroup>
  <ItemGroup>
    <ClCompile Include="main.cpp" />
    <ClCompile Include="fileIO.cpp" />
  </ItemGroup>
  <ItemGroup>
    <ClInclude Include="rays.h" />
    <ClInclude Include="defines.h" />
  </ItemGroup>
  <ItemGroup>
    <Filter Include="git">
      <UniqueIdentifier>{d23f3605-01be-4bf1-8d3d-8ec2b85edc64}</UniqueIdentifier>
    </Filter>
    <Filter Include="nv">
      <UniqueIdentifier>{2f9876c0-ff87-4aac-9432-fb9a8e7f1494}</UniqueIdentifier>
    </Filter>
  </ItemGroup>
  <ItemGroup>
    <None Include="README.md">
      <Filter>git</Filter>
    </None>
    <None Include=".gitignore">
      <Filter>git</Filter>
    </None>
    <None Include="Activity.nvact">
      <Filter>nv</Filter>
    </None>
  </ItemGroup>
</Project>